
Microsoft Visual Studio Solution File, Format Version 12.00
# Visual Studio Version 17
VisualStudioVersion = 17.3.32825.248
MinimumVisualStudioVersion = 10.0.40219.1
Project("{FAE04EC0-301F-11D3-BF4B-00C04F79EFBC}") = "Lab6_FactoryM_AbstractF", "Lab6_Factory_AbstractF\Lab6_FactoryM_AbstractF.csproj", "{42D6D975-D0FD-481F-BBF0-F8A548693DBC}"
EndProject
Global
	GlobalSection(SolutionConfigurationPlatforms) = preSolution
		Debug|Any CPU = Debug|Any CPU
		Release|Any CPU = Release|Any CPU
	EndGlobalSection
	GlobalSection(ProjectConfigurationPlatforms) = postSolution
		{42D6D975-D0FD-481F-BBF0-F8A548693DBC}.Debug|Any CPU.ActiveCfg = Debug|Any CPU
		{42D6D975-D0FD-481F-BBF0-F8A548693DBC}.Debug|Any CPU.Build.0 = Debug|Any CPU
		{42D6D975-D0FD-481F-BBF0-F8A548693DBC}.Release|Any CPU.ActiveCfg = Release|Any CPU
		{42D6D975-D0FD-481F-BBF0-F8A548693DBC}.Release|Any CPU.Build.0 = Release|Any CPU
	EndGlobalSection
	GlobalSection(SolutionProperties) = preSolution
		HideSolutionNode = FALSE
	EndGlobalSection
	GlobalSection(ExtensibilityGlobals) = postSolution
		SolutionGuid = {268BAB15-413B-4410-A831-B17BB8C81E1E}
	EndGlobalSection
EndGlobal
